
Microsoft Visual Studio Solution File, Format Version 12.00
# Visual Studio Version 16
VisualStudioVersion = 16.0.31624.102
MinimumVisualStudioVersion = 10.0.40219.1
Project("{F2A71F9B-5D33-465A-A702-920D77279786}") = "Business", "Business\Business.fsproj", "{55569BC8-9F7A-430F-BFEB-DECA5723CBAD}"
EndProject
Project("{F2A71F9B-5D33-465A-A702-920D77279786}") = "Business.Tests", "Business.Tests\Business.Tests.fsproj", "{4014E7FC-B717-4C6D-A67A-CBE42DE4F2B8}"
EndProject
Global
	GlobalSection(SolutionConfigurationPlatforms) = preSolution
		Debug|Any CPU = Debug|Any CPU
		Release|Any CPU = Release|Any CPU
	EndGlobalSection
	GlobalSection(ProjectConfigurationPlatforms) = postSolution
		{55569BC8-9F7A-430F-BFEB-DECA5723CBAD}.Debug|Any CPU.ActiveCfg = Debug|Any CPU
		{55569BC8-9F7A-430F-BFEB-DECA5723CBAD}.Debug|Any CPU.Build.0 = Debug|Any CPU
		{55569BC8-9F7A-430F-BFEB-DECA5723CBAD}.Release|Any CPU.ActiveCfg = Release|Any CPU
		{55569BC8-9F7A-430F-BFEB-DECA5723CBAD}.Release|Any CPU.Build.0 = Release|Any CPU
		{4014E7FC-B717-4C6D-A67A-CBE42DE4F2B8}.Debug|Any CPU.ActiveCfg = Debug|Any CPU
		{4014E7FC-B717-4C6D-A67A-CBE42DE4F2B8}.Debug|Any CPU.Build.0 = Debug|Any CPU
		{4014E7FC-B717-4C6D-A67A-CBE42DE4F2B8}.Release|Any CPU.ActiveCfg = Release|Any CPU
		{4014E7FC-B717-4C6D-A67A-CBE42DE4F2B8}.Release|Any CPU.Build.0 = Release|Any CPU
	EndGlobalSection
	GlobalSection(SolutionProperties) = preSolution
		HideSolutionNode = FALSE
	EndGlobalSection
	GlobalSection(ExtensibilityGlobals) = postSolution
		SolutionGuid = {ACEC9272-FBA4-42A9-A478-88515D1A24C6}
	EndGlobalSection
EndGlobal
